
Microsoft Visual Studio Solution File, Format Version 12.00
# Visual Studio Version 16
VisualStudioVersion = 25.0.1705.2
MinimumVisualStudioVersion = 10.0.40219.1
Project("{FAE04EC0-301F-11D3-BF4B-00C04F79EFBC}") = "Mission12_twoodru8", "Mission12_twoodru8.csproj", "{DB3987A8-0DE5-4BE8-9E64-B3E7EA9D15D7}"
EndProject
Global
	GlobalSection(SolutionConfigurationPlatforms) = preSolution
		Debug|Any CPU = Debug|Any CPU
		Release|Any CPU = Release|Any CPU
	EndGlobalSection
	GlobalSection(ProjectConfigurationPlatforms) = postSolution
		{DB3987A8-0DE5-4BE8-9E64-B3E7EA9D15D7}.Debug|Any CPU.ActiveCfg = Debug|Any CPU
		{DB3987A8-0DE5-4BE8-9E64-B3E7EA9D15D7}.Debug|Any CPU.Build.0 = Debug|Any CPU
		{DB3987A8-0DE5-4BE8-9E64-B3E7EA9D15D7}.Release|Any CPU.ActiveCfg = Release|Any CPU
		{DB3987A8-0DE5-4BE8-9E64-B3E7EA9D15D7}.Release|Any CPU.Build.0 = Release|Any CPU
	EndGlobalSection
	GlobalSection(SolutionProperties) = preSolution
		HideSolutionNode = FALSE
	EndGlobalSection
	GlobalSection(ExtensibilityGlobals) = postSolution
		SolutionGuid = {0668CC43-5D18-40FD-A12F-C276C4204502}
	EndGlobalSection
EndGlobal
